// !$*UTF8*$!
{
	archiveVersion = 1;
	classes = {
	};
	objectVersion = 46;
	objects = {

/* Begin PBXBuildFile section */
		D0A85D1C1E1E011200E0DCA8 /* MDNSDiscoveryService.swift in Sources */ = {isa = PBXBuildFile; fileRef = D0A85D1B1E1E011200E0DCA8 /* MDNSDiscoveryService.swift */; };
		D0AF51231E1DDCED004F51C3 /* AppDelegate.swift in Sources */ = {isa = PBXBuildFile; fileRef = D0AF51221E1DDCED004F51C3 /* AppDelegate.swift */; };
		D0AF51251E1DDCED004F51C3 /* MasterViewController.swift in Sources */ = {isa = PBXBuildFile; fileRef = D0AF51241E1DDCED004F51C3 /* MasterViewController.swift */; };
		D0AF51271E1DDCED004F51C3 /* DetailViewController.swift in Sources */ = {isa = PBXBuildFile; fileRef = D0AF51261E1DDCED004F51C3 /* DetailViewController.swift */; };
		D0AF512A1E1DDCED004F51C3 /* Main.storyboard in Resources */ = {isa = PBXBuildFile; fileRef = D0AF51281E1DDCED004F51C3 /* Main.storyboard */; };
		D0AF512C1E1DDCED004F51C3 /* Assets.xcassets in Resources */ = {isa = PBXBuildFile; fileRef = D0AF512B1E1DDCED004F51C3 /* Assets.xcassets */; };
		D0AF512F1E1DDCED004F51C3 /* LaunchScreen.storyboard in Resources */ = {isa = PBXBuildFile; fileRef = D0AF512D1E1DDCED004F51C3 /* LaunchScreen.storyboard */; };
		D0AF513A1E1DDCED004F51C3 /* flyweb_iosTests.swift in Sources */ = {isa = PBXBuildFile; fileRef = D0AF51391E1DDCED004F51C3 /* flyweb_iosTests.swift */; };
		D0AF51451E1DDCED004F51C3 /* flyweb_iosUITests.swift in Sources */ = {isa = PBXBuildFile; fileRef = D0AF51441E1DDCED004F51C3 /* flyweb_iosUITests.swift */; };
		D0C815081E20305E0065147F /* GradientView.swift in Sources */ = {isa = PBXBuildFile; fileRef = D0C815071E20305E0065147F /* GradientView.swift */; };
/* End PBXBuildFile section */

/* Begin PBXContainerItemProxy section */
		D0AF51361E1DDCED004F51C3 /* PBXContainerItemProxy */ = {
			isa = PBXContainerItemProxy;
			containerPortal = D0AF51171E1DDCED004F51C3 /* Project object */;
			proxyType = 1;
			remoteGlobalIDString = D0AF511E1E1DDCED004F51C3;
			remoteInfo = "flyweb-ios";
		};
		D0AF51411E1DDCED004F51C3 /* PBXContainerItemProxy */ = {
			isa = PBXContainerItemProxy;
			containerPortal = D0AF51171E1DDCED004F51C3 /* Project object */;
			proxyType = 1;
			remoteGlobalIDString = D0AF511E1E1DDCED004F51C3;
			remoteInfo = "flyweb-ios";
		};
/* End PBXContainerItemProxy section */

/* Begin PBXFileReference section */
		D0A85D1B1E1E011200E0DCA8 /* MDNSDiscoveryService.swift */ = {isa = PBXFileReference; fileEncoding = 4; lastKnownFileType = sourcecode.swift; path = MDNSDiscoveryService.swift; sourceTree = "<group>"; };
		D0AF511F1E1DDCED004F51C3 /* flyweb-ios.app */ = {isa = PBXFileReference; explicitFileType = wrapper.application; includeInIndex = 0; path = "flyweb-ios.app"; sourceTree = BUILT_PRODUCTS_DIR; };
		D0AF51221E1DDCED004F51C3 /* AppDelegate.swift */ = {isa = PBXFileReference; lastKnownFileType = sourcecode.swift; path = AppDelegate.swift; sourceTree = "<group>"; };
		D0AF51241E1DDCED004F51C3 /* MasterViewController.swift */ = {isa = PBXFileReference; lastKnownFileType = sourcecode.swift; path = MasterViewController.swift; sourceTree = "<group>"; };
		D0AF51261E1DDCED004F51C3 /* DetailViewController.swift */ = {isa = PBXFileReference; lastKnownFileType = sourcecode.swift; path = DetailViewController.swift; sourceTree = "<group>"; };
		D0AF51291E1DDCED004F51C3 /* Base */ = {isa = PBXFileReference; lastKnownFileType = file.storyboard; name = Base; path = Base.lproj/Main.storyboard; sourceTree = "<group>"; };
		D0AF512B1E1DDCED004F51C3 /* Assets.xcassets */ = {isa = PBXFileReference; lastKnownFileType = folder.assetcatalog; path = Assets.xcassets; sourceTree = "<group>"; };
		D0AF512E1E1DDCED004F51C3 /* Base */ = {isa = PBXFileReference; lastKnownFileType = file.storyboard; name = Base; path = Base.lproj/LaunchScreen.storyboard; sourceTree = "<group>"; };
		D0AF51301E1DDCED004F51C3 /* Info.plist */ = {isa = PBXFileReference; lastKnownFileType = text.plist.xml; path = Info.plist; sourceTree = "<group>"; };
		D0AF51351E1DDCED004F51C3 /* flyweb-iosTests.xctest */ = {isa = PBXFileReference; explicitFileType = wrapper.cfbundle; includeInIndex = 0; path = "flyweb-iosTests.xctest"; sourceTree = BUILT_PRODUCTS_DIR; };
		D0AF51391E1DDCED004F51C3 /* flyweb_iosTests.swift */ = {isa = PBXFileReference; lastKnownFileType = sourcecode.swift; path = flyweb_iosTests.swift; sourceTree = "<group>"; };
		D0AF513B1E1DDCED004F51C3 /* Info.plist */ = {isa = PBXFileReference; lastKnownFileType = text.plist.xml; path = Info.plist; sourceTree = "<group>"; };
		D0AF51401E1DDCED004F51C3 /* flyweb-iosUITests.xctest */ = {isa = PBXFileReference; explicitFileType = wrapper.cfbundle; includeInIndex = 0; path = "flyweb-iosUITests.xctest"; sourceTree = BUILT_PRODUCTS_DIR; };
		D0AF51441E1DDCED004F51C3 /* flyweb_iosUITests.swift */ = {isa = PBXFileReference; lastKnownFileType = sourcecode.swift; path = flyweb_iosUITests.swift; sourceTree = "<group>"; };
		D0AF51461E1DDCED004F51C3 /* Info.plist */ = {isa = PBXFileReference; lastKnownFileType = text.plist.xml; path = Info.plist; sourceTree = "<group>"; };
		D0C815071E20305E0065147F /* GradientView.swift */ = {isa = PBXFileReference; fileEncoding = 4; lastKnownFileType = sourcecode.swift; path = GradientView.swift; sourceTree = "<group>"; };
/* End PBXFileReference section */

/* Begin PBXFrameworksBuildPhase section */
		D0AF511C1E1DDCED004F51C3 /* Frameworks */ = {
			isa = PBXFrameworksBuildPhase;
			buildActionMask = 2147483647;
			files = (
			);
			runOnlyForDeploymentPostprocessing = 0;
		};
		D0AF51321E1DDCED004F51C3 /* Frameworks */ = {
			isa = PBXFrameworksBuildPhase;
			buildActionMask = 2147483647;
			files = (
			);
			runOnlyForDeploymentPostprocessing = 0;
		};
		D0AF513D1E1DDCED004F51C3 /* Frameworks */ = {
			isa = PBXFrameworksBuildPhase;
			buildActionMask = 2147483647;
			files = (
			);
			runOnlyForDeploymentPostprocessing = 0;
		};
/* End PBXFrameworksBuildPhase section */

/* Begin PBXGroup section */
		D0AF51161E1DDCED004F51C3 = {
			isa = PBXGroup;
			children = (
				D0AF51211E1DDCED004F51C3 /* flyweb-ios */,
				D0AF51381E1DDCED004F51C3 /* flyweb-iosTests */,
				D0AF51431E1DDCED004F51C3 /* flyweb-iosUITests */,
				D0AF51201E1DDCED004F51C3 /* Products */,
			);
			sourceTree = "<group>";
		};
		D0AF51201E1DDCED004F51C3 /* Products */ = {
			isa = PBXGroup;
			children = (
				D0AF511F1E1DDCED004F51C3 /* flyweb-ios.app */,
				D0AF51351E1DDCED004F51C3 /* flyweb-iosTests.xctest */,
				D0AF51401E1DDCED004F51C3 /* flyweb-iosUITests.xctest */,
			);
			name = Products;
			sourceTree = "<group>";
		};
		D0AF51211E1DDCED004F51C3 /* flyweb-ios */ = {
			isa = PBXGroup;
			children = (
				D0AF51221E1DDCED004F51C3 /* AppDelegate.swift */,
				D0AF51241E1DDCED004F51C3 /* MasterViewController.swift */,
				D0AF51261E1DDCED004F51C3 /* DetailViewController.swift */,
				D0AF51281E1DDCED004F51C3 /* Main.storyboard */,
				D0AF512B1E1DDCED004F51C3 /* Assets.xcassets */,
				D0AF512D1E1DDCED004F51C3 /* LaunchScreen.storyboard */,
				D0AF51301E1DDCED004F51C3 /* Info.plist */,
				D0C815071E20305E0065147F /* GradientView.swift */,
				D0A85D1B1E1E011200E0DCA8 /* MDNSDiscoveryService.swift */,
			);
			path = "flyweb-ios";
			sourceTree = "<group>";
		};
		D0AF51381E1DDCED004F51C3 /* flyweb-iosTests */ = {
			isa = PBXGroup;
			children = (
				D0AF51391E1DDCED004F51C3 /* flyweb_iosTests.swift */,
				D0AF513B1E1DDCED004F51C3 /* Info.plist */,
			);
			path = "flyweb-iosTests";
			sourceTree = "<group>";
		};
		D0AF51431E1DDCED004F51C3 /* flyweb-iosUITests */ = {
			isa = PBXGroup;
			children = (
				D0AF51441E1DDCED004F51C3 /* flyweb_iosUITests.swift */,
				D0AF51461E1DDCED004F51C3 /* Info.plist */,
			);
			path = "flyweb-iosUITests";
			sourceTree = "<group>";
		};
/* End PBXGroup section */

/* Begin PBXNativeTarget section */
		D0AF511E1E1DDCED004F51C3 /* flyweb-ios */ = {
			isa = PBXNativeTarget;
			buildConfigurationList = D0AF51491E1DDCED004F51C3 /* Build configuration list for PBXNativeTarget "flyweb-ios" */;
			buildPhases = (
				D0AF511B1E1DDCED004F51C3 /* Sources */,
				D0AF511C1E1DDCED004F51C3 /* Frameworks */,
				D0AF511D1E1DDCED004F51C3 /* Resources */,
			);
			buildRules = (
			);
			dependencies = (
			);
			name = "flyweb-ios";
			productName = "flyweb-ios";
			productReference = D0AF511F1E1DDCED004F51C3 /* flyweb-ios.app */;
			productType = "com.apple.product-type.application";
		};
		D0AF51341E1DDCED004F51C3 /* flyweb-iosTests */ = {
			isa = PBXNativeTarget;
			buildConfigurationList = D0AF514C1E1DDCED004F51C3 /* Build configuration list for PBXNativeTarget "flyweb-iosTests" */;
			buildPhases = (
				D0AF51311E1DDCED004F51C3 /* Sources */,
				D0AF51321E1DDCED004F51C3 /* Frameworks */,
				D0AF51331E1DDCED004F51C3 /* Resources */,
			);
			buildRules = (
			);
			dependencies = (
				D0AF51371E1DDCED004F51C3 /* PBXTargetDependency */,
			);
			name = "flyweb-iosTests";
			productName = "flyweb-iosTests";
			productReference = D0AF51351E1DDCED004F51C3 /* flyweb-iosTests.xctest */;
			productType = "com.apple.product-type.bundle.unit-test";
		};
		D0AF513F1E1DDCED004F51C3 /* flyweb-iosUITests */ = {
			isa = PBXNativeTarget;
			buildConfigurationList = D0AF514F1E1DDCED004F51C3 /* Build configuration list for PBXNativeTarget "flyweb-iosUITests" */;
			buildPhases = (
				D0AF513C1E1DDCED004F51C3 /* Sources */,
				D0AF513D1E1DDCED004F51C3 /* Frameworks */,
				D0AF513E1E1DDCED004F51C3 /* Resources */,
			);
			buildRules = (
			);
			dependencies = (
				D0AF51421E1DDCED004F51C3 /* PBXTargetDependency */,
			);
			name = "flyweb-iosUITests";
			productName = "flyweb-iosUITests";
			productReference = D0AF51401E1DDCED004F51C3 /* flyweb-iosUITests.xctest */;
			productType = "com.apple.product-type.bundle.ui-testing";
		};
/* End PBXNativeTarget section */

/* Begin PBXProject section */
		D0AF51171E1DDCED004F51C3 /* Project object */ = {
			isa = PBXProject;
			attributes = {
				LastSwiftUpdateCheck = 0820;
				LastUpgradeCheck = 0820;
				ORGANIZATIONNAME = "Justin D'Arcangelo";
				TargetAttributes = {
					D0AF511E1E1DDCED004F51C3 = {
						CreatedOnToolsVersion = 8.2.1;
						DevelopmentTeam = 2YNPV3VUH4;
						ProvisioningStyle = Automatic;
					};
					D0AF51341E1DDCED004F51C3 = {
						CreatedOnToolsVersion = 8.2.1;
						DevelopmentTeam = 2YNPV3VUH4;
						ProvisioningStyle = Automatic;
						TestTargetID = D0AF511E1E1DDCED004F51C3;
					};
					D0AF513F1E1DDCED004F51C3 = {
						CreatedOnToolsVersion = 8.2.1;
						DevelopmentTeam = 2YNPV3VUH4;
						ProvisioningStyle = Automatic;
						TestTargetID = D0AF511E1E1DDCED004F51C3;
					};
				};
			};
			buildConfigurationList = D0AF511A1E1DDCED004F51C3 /* Build configuration list for PBXProject "flyweb-ios" */;
			compatibilityVersion = "Xcode 3.2";
			developmentRegion = English;
			hasScannedForEncodings = 0;
			knownRegions = (
				en,
				Base,
			);
			mainGroup = D0AF51161E1DDCED004F51C3;
			productRefGroup = D0AF51201E1DDCED004F51C3 /* Products */;
			projectDirPath = "";
			projectRoot = "";
			targets = (
				D0AF511E1E1DDCED004F51C3 /* flyweb-ios */,
				D0AF51341E1DDCED004F51C3 /* flyweb-iosTests */,
				D0AF513F1E1DDCED004F51C3 /* flyweb-iosUITests */,
			);
		};
/* End PBXProject section */

/* Begin PBXResourcesBuildPhase section */
		D0AF511D1E1DDCED004F51C3 /* Resources */ = {
			isa = PBXResourcesBuildPhase;
			buildActionMask = 2147483647;
			files = (
				D0AF512F1E1DDCED004F51C3 /* LaunchScreen.storyboard in Resources */,
				D0AF512C1E1DDCED004F51C3 /* Assets.xcassets in Resources */,
				D0AF512A1E1DDCED004F51C3 /* Main.storyboard in Resources */,
			);
			runOnlyForDeploymentPostprocessing = 0;
		};
		D0AF51331E1DDCED004F51C3 /* Resources */ = {
			isa = PBXResourcesBuildPhase;
			buildActionMask = 2147483647;
			files = (
			);
			runOnlyForDeploymentPostprocessing = 0;
		};
		D0AF513E1E1DDCED004F51C3 /* Resources */ = {
			isa = PBXResourcesBuildPhase;
			buildActionMask = 2147483647;
			files = (
			);
			runOnlyForDeploymentPostprocessing = 0;
		};
/* End PBXResourcesBuildPhase section */

/* Begin PBXSourcesBuildPhase section */
		D0AF511B1E1DDCED004F51C3 /* Sources */ = {
			isa = PBXSourcesBuildPhase;
			buildActionMask = 2147483647;
			files = (
				D0A85D1C1E1E011200E0DCA8 /* MDNSDiscoveryService.swift in Sources */,
				D0AF51271E1DDCED004F51C3 /* DetailViewController.swift in Sources */,
				D0C815081E20305E0065147F /* GradientView.swift in Sources */,
				D0AF51251E1DDCED004F51C3 /* MasterViewController.swift in Sources */,
				D0AF51231E1DDCED004F51C3 /* AppDelegate.swift in Sources */,
			);
			runOnlyForDeploymentPostprocessing = 0;
		};
		D0AF51311E1DDCED004F51C3 /* Sources */ = {
			isa = PBXSourcesBuildPhase;
			buildActionMask = 2147483647;
			files = (
				D0AF513A1E1DDCED004F51C3 /* flyweb_iosTests.swift in Sources */,
			);
			runOnlyForDeploymentPostprocessing = 0;
		};
		D0AF513C1E1DDCED004F51C3 /* Sources */ = {
			isa = PBXSourcesBuildPhase;
			buildActionMask = 2147483647;
			files = (
				D0AF51451E1DDCED004F51C3 /* flyweb_iosUITests.swift in Sources */,
			);
			runOnlyForDeploymentPostprocessing = 0;
		};
/* End PBXSourcesBuildPhase section */

/* Begin PBXTargetDependency section */
		D0AF51371E1DDCED004F51C3 /* PBXTargetDependency */ = {
			isa = PBXTargetDependency;
			target = D0AF511E1E1DDCED004F51C3 /* flyweb-ios */;
			targetProxy = D0AF51361E1DDCED004F51C3 /* PBXContainerItemProxy */;
		};
		D0AF51421E1DDCED004F51C3 /* PBXTargetDependency */ = {
			isa = PBXTargetDependency;
			target = D0AF511E1E1DDCED004F51C3 /* flyweb-ios */;
			targetProxy = D0AF51411E1DDCED004F51C3 /* PBXContainerItemProxy */;
		};
/* End PBXTargetDependency section */

/* Begin PBXVariantGroup section */
		D0AF51281E1DDCED004F51C3 /* Main.storyboard */ = {
			isa = PBXVariantGroup;
			children = (
				D0AF51291E1DDCED004F51C3 /* Base */,
			);
			name = Main.storyboard;
			sourceTree = "<group>";
		};
		D0AF512D1E1DDCED004F51C3 /* LaunchScreen.storyboard */ = {
			isa = PBXVariantGroup;
			children = (
				D0AF512E1E1DDCED004F51C3 /* Base */,
			);
			name = LaunchScreen.storyboard;
			sourceTree = "<group>";
		};
/* End PBXVariantGroup section */

/* Begin XCBuildConfiguration section */
		D0AF51471E1DDCED004F51C3 /* Debug */ = {
			isa = XCBuildConfiguration;
			buildSettings = {
				ALWAYS_SEARCH_USER_PATHS = NO;
				CLANG_ANALYZER_NONNULL = YES;
				CLANG_CXX_LANGUAGE_STANDARD = "gnu++0x";
				CLANG_CXX_LIBRARY = "libc++";
				CLANG_ENABLE_MODULES = YES;
				CLANG_ENABLE_OBJC_ARC = YES;
				CLANG_WARN_BOOL_CONVERSION = YES;
				CLANG_WARN_CONSTANT_CONVERSION = YES;
				CLANG_WARN_DIRECT_OBJC_ISA_USAGE = YES_ERROR;
				CLANG_WARN_DOCUMENTATION_COMMENTS = YES;
				CLANG_WARN_EMPTY_BODY = YES;
				CLANG_WARN_ENUM_CONVERSION = YES;
				CLANG_WARN_INFINITE_RECURSION = YES;
				CLANG_WARN_INT_CONVERSION = YES;
				CLANG_WARN_OBJC_ROOT_CLASS = YES_ERROR;
				CLANG_WARN_SUSPICIOUS_MOVE = YES;
				CLANG_WARN_UNREACHABLE_CODE = YES;
				CLANG_WARN__DUPLICATE_METHOD_MATCH = YES;
				"CODE_SIGN_IDENTITY[sdk=iphoneos*]" = "iPhone Developer";
				COPY_PHASE_STRIP = NO;
				DEBUG_INFORMATION_FORMAT = dwarf;
				ENABLE_STRICT_OBJC_MSGSEND = YES;
				ENABLE_TESTABILITY = YES;
				GCC_C_LANGUAGE_STANDARD = gnu99;
				GCC_DYNAMIC_NO_PIC = NO;
				GCC_NO_COMMON_BLOCKS = YES;
				GCC_OPTIMIZATION_LEVEL = 0;
				GCC_PREPROCESSOR_DEFINITIONS = (
					"DEBUG=1",
					"$(inherited)",
				);
				GCC_WARN_64_TO_32_BIT_CONVERSION = YES;
				GCC_WARN_ABOUT_RETURN_TYPE = YES_ERROR;
				GCC_WARN_UNDECLARED_SELECTOR = YES;
				GCC_WARN_UNINITIALIZED_AUTOS = YES_AGGRESSIVE;
				GCC_WARN_UNUSED_FUNCTION = YES;
				GCC_WARN_UNUSED_VARIABLE = YES;
				IPHONEOS_DEPLOYMENT_TARGET = 10.2;
				MTL_ENABLE_DEBUG_INFO = YES;
				ONLY_ACTIVE_ARCH = YES;
				SDKROOT = iphoneos;
				SWIFT_ACTIVE_COMPILATION_CONDITIONS = DEBUG;
				SWIFT_OPTIMIZATION_LEVEL = "-Onone";
				TARGETED_DEVICE_FAMILY = "1,2";
			};
			name = Debug;
		};
		D0AF51481E1DDCED004F51C3 /* Release */ = {
			isa = XCBuildConfiguration;
			buildSettings = {
				ALWAYS_SEARCH_USER_PATHS = NO;
				CLANG_ANALYZER_NONNULL = YES;
				CLANG_CXX_LANGUAGE_STANDARD = "gnu++0x";
				CLANG_CXX_LIBRARY = "libc++";
				CLANG_ENABLE_MODULES = YES;
				CLANG_ENABLE_OBJC_ARC = YES;
				CLANG_WARN_BOOL_CONVERSION = YES;
				CLANG_WARN_CONSTANT_CONVERSION = YES;
				CLANG_WARN_DIRECT_OBJC_ISA_USAGE = YES_ERROR;
				CLANG_WARN_DOCUMENTATION_COMMENTS = YES;
				CLANG_WARN_EMPTY_BODY = YES;
				CLANG_WARN_ENUM_CONVERSION = YES;
				CLANG_WARN_INFINITE_RECURSION = YES;
				CLANG_WARN_INT_CONVERSION = YES;
				CLANG_WARN_OBJC_ROOT_CLASS = YES_ERROR;
				CLANG_WARN_SUSPICIOUS_MOVE = YES;
				CLANG_WARN_UNREACHABLE_CODE = YES;
				CLANG_WARN__DUPLICATE_METHOD_MATCH = YES;
				"CODE_SIGN_IDENTITY[sdk=iphoneos*]" = "iPhone Developer";
				COPY_PHASE_STRIP = NO;
				DEBUG_INFORMATION_FORMAT = "dwarf-with-dsym";
				ENABLE_NS_ASSERTIONS = NO;
				ENABLE_STRICT_OBJC_MSGSEND = YES;
				GCC_C_LANGUAGE_STANDARD = gnu99;
				GCC_NO_COMMON_BLOCKS = YES;
				GCC_WARN_64_TO_32_BIT_CONVERSION = YES;
				GCC_WARN_ABOUT_RETURN_TYPE = YES_ERROR;
				GCC_WARN_UNDECLARED_SELECTOR = YES;
				GCC_WARN_UNINITIALIZED_AUTOS = YES_AGGRESSIVE;
				GCC_WARN_UNUSED_FUNCTION = YES;
				GCC_WARN_UNUSED_VARIABLE = YES;
				IPHONEOS_DEPLOYMENT_TARGET = 10.2;
				MTL_ENABLE_DEBUG_INFO = NO;
				SDKROOT = iphoneos;
				SWIFT_OPTIMIZATION_LEVEL = "-Owholemodule";
				TARGETED_DEVICE_FAMILY = "1,2";
				VALIDATE_PRODUCT = YES;
			};
			name = Release;
		};
		D0AF514A1E1DDCED004F51C3 /* Debug */ = {
			isa = XCBuildConfiguration;
			buildSettings = {
				ASSETCATALOG_COMPILER_APPICON_NAME = AppIcon;
				DEVELOPMENT_TEAM = 2YNPV3VUH4;
				INFOPLIST_FILE = "flyweb-ios/Info.plist";
				LD_RUNPATH_SEARCH_PATHS = "$(inherited) @executable_path/Frameworks";
				PRODUCT_BUNDLE_IDENTIFIER = "com.justindarc.flyweb-ios";
				PRODUCT_NAME = "$(TARGET_NAME)";
				SWIFT_VERSION = 3.0;
			};
			name = Debug;
		};
		D0AF514B1E1DDCED004F51C3 /* Release */ = {
			isa = XCBuildConfiguration;
			buildSettings = {
				ASSETCATALOG_COMPILER_APPICON_NAME = AppIcon;
				DEVELOPMENT_TEAM = 2YNPV3VUH4;
				INFOPLIST_FILE = "flyweb-ios/Info.plist";
				LD_RUNPATH_SEARCH_PATHS = "$(inherited) @executable_path/Frameworks";
				PRODUCT_BUNDLE_IDENTIFIER = "com.justindarc.flyweb-ios";
				PRODUCT_NAME = "$(TARGET_NAME)";
				SWIFT_VERSION = 3.0;
			};
			name = Release;
		};
		D0AF514D1E1DDCED004F51C3 /* Debug */ = {
			isa = XCBuildConfiguration;
			buildSettings = {
				ALWAYS_EMBED_SWIFT_STANDARD_LIBRARIES = YES;
				BUNDLE_LOADER = "$(TEST_HOST)";
				DEVELOPMENT_TEAM = 2YNPV3VUH4;
				INFOPLIST_FILE = "flyweb-iosTests/Info.plist";
				LD_RUNPATH_SEARCH_PATHS = "$(inherited) @executable_path/Frameworks @loader_path/Frameworks";
				PRODUCT_BUNDLE_IDENTIFIER = "com.justindarc.flyweb-iosTests";
				PRODUCT_NAME = "$(TARGET_NAME)";
				SWIFT_VERSION = 3.0;
				TEST_HOST = "$(BUILT_PRODUCTS_DIR)/flyweb-ios.app/flyweb-ios";
			};
			name = Debug;
		};
		D0AF514E1E1DDCED004F51C3 /* Release */ = {
			isa = XCBuildConfiguration;
			buildSettings = {
				ALWAYS_EMBED_SWIFT_STANDARD_LIBRARIES = YES;
				BUNDLE_LOADER = "$(TEST_HOST)";
				DEVELOPMENT_TEAM = 2YNPV3VUH4;
				INFOPLIST_FILE = "flyweb-iosTests/Info.plist";
				LD_RUNPATH_SEARCH_PATHS = "$(inherited) @executable_path/Frameworks @loader_path/Frameworks";
				PRODUCT_BUNDLE_IDENTIFIER = "com.justindarc.flyweb-iosTests";
				PRODUCT_NAME = "$(TARGET_NAME)";
				SWIFT_VERSION = 3.0;
				TEST_HOST = "$(BUILT_PRODUCTS_DIR)/flyweb-ios.app/flyweb-ios";
			};
			name = Release;
		};
		D0AF51501E1DDCED004F51C3 /* Debug */ = {
			isa = XCBuildConfiguration;
			buildSettings = {
				ALWAYS_EMBED_SWIFT_STANDARD_LIBRARIES = YES;
				DEVELOPMENT_TEAM = 2YNPV3VUH4;
				INFOPLIST_FILE = "flyweb-iosUITests/Info.plist";
				LD_RUNPATH_SEARCH_PATHS = "$(inherited) @executable_path/Frameworks @loader_path/Frameworks";
				PRODUCT_BUNDLE_IDENTIFIER = "com.justindarc.flyweb-iosUITests";
				PRODUCT_NAME = "$(TARGET_NAME)";
				SWIFT_VERSION = 3.0;
				TEST_TARGET_NAME = "flyweb-ios";
			};
			name = Debug;
		};
		D0AF51511E1DDCED004F51C3 /* Release */ = {
			isa = XCBuildConfiguration;
			buildSettings = {
				ALWAYS_EMBED_SWIFT_STANDARD_LIBRARIES = YES;
				DEVELOPMENT_TEAM = 2YNPV3VUH4;
				INFOPLIST_FILE = "flyweb-iosUITests/Info.plist";
				LD_RUNPATH_SEARCH_PATHS = "$(inherited) @executable_path/Frameworks @loader_path/Frameworks";
				PRODUCT_BUNDLE_IDENTIFIER = "com.justindarc.flyweb-iosUITests";
				PRODUCT_NAME = "$(TARGET_NAME)";
				SWIFT_VERSION = 3.0;
				TEST_TARGET_NAME = "flyweb-ios";
			};
			name = Release;
		};
/* End XCBuildConfiguration section */

/* Begin XCConfigurationList section */
		D0AF511A1E1DDCED004F51C3 /* Build configuration list for PBXProject "flyweb-ios" */ = {
			isa = XCConfigurationList;
			buildConfigurations = (
				D0AF51471E1DDCED004F51C3 /* Debug */,
				D0AF51481E1DDCED004F51C3 /* Release */,
			);
			defaultConfigurationIsVisible = 0;
			defaultConfigurationName = Release;
		};
		D0AF51491E1DDCED004F51C3 /* Build configuration list for PBXNativeTarget "flyweb-ios" */ = {
			isa = XCConfigurationList;
			buildConfigurations = (
				D0AF514A1E1DDCED004F51C3 /* Debug */,
				D0AF514B1E1DDCED004F51C3 /* Release */,
			);
			defaultConfigurationIsVisible = 0;
			defaultConfigurationName = Release;
		};
		D0AF514C1E1DDCED004F51C3 /* Build configuration list for PBXNativeTarget "flyweb-iosTests" */ = {
			isa = XCConfigurationList;
			buildConfigurations = (
				D0AF514D1E1DDCED004F51C3 /* Debug */,
				D0AF514E1E1DDCED004F51C3 /* Release */,
			);
			defaultConfigurationIsVisible = 0;
			defaultConfigurationName = Release;
		};
		D0AF514F1E1DDCED004F51C3 /* Build configuration list for PBXNativeTarget "flyweb-iosUITests" */ = {
			isa = XCConfigurationList;
			buildConfigurations = (
				D0AF51501E1DDCED004F51C3 /* Debug */,
				D0AF51511E1DDCED004F51C3 /* Release */,
			);
			defaultConfigurationIsVisible = 0;
			defaultConfigurationName = Release;
		};
/* End XCConfigurationList section */
	};
	rootObject = D0AF51171E1DDCED004F51C3 /* Project object */;
}
